
Microsoft Visual Studio Solution File, Format Version 12.00
# Visual Studio Version 17
VisualStudioVersion = 17.1.32228.430
MinimumVisualStudioVersion = 10.0.40219.1
Project("{8BC9CEB8-8B4A-11D0-8D11-00A0C91BC942}") = "Qt_image_Camera", "Qt_image_Camera\Qt_image_Camera.vcxproj", "{8B6029EC-E329-4E9B-A071-65A21BC7EE82}"
EndProject
Global
	GlobalSection(SolutionConfigurationPlatforms) = preSolution
		Debug|x64 = Debug|x64
		Release|x64 = Release|x64
	EndGlobalSection
	GlobalSection(ProjectConfigurationPlatforms) = postSolution
		{8B6029EC-E329-4E9B-A071-65A21BC7EE82}.Debug|x64.ActiveCfg = Debug|x64
		{8B6029EC-E329-4E9B-A071-65A21BC7EE82}.Debug|x64.Build.0 = Debug|x64
		{8B6029EC-E329-4E9B-A071-65A21BC7EE82}.Release|x64.ActiveCfg = Release|x64
		{8B6029EC-E329-4E9B-A071-65A21BC7EE82}.Release|x64.Build.0 = Release|x64
	EndGlobalSection
	GlobalSection(SolutionProperties) = preSolution
		HideSolutionNode = FALSE
	EndGlobalSection
	GlobalSection(ExtensibilityGlobals) = postSolution
		SolutionGuid = {8D5795F1-3E7F-4E7F-AD13-4C1F3B953D35}
	EndGlobalSection
EndGlobal
